
Microsoft Visual Studio Solution File, Format Version 12.00
# Visual Studio Version 16
VisualStudioVersion = 16.0.29102.190
MinimumVisualStudioVersion = 10.0.40219.1
Project("{FAE04EC0-301F-11D3-BF4B-00C04F79EFBC}") = "MyShop.core", "MyShop.core\MyShop.core.csproj", "{5D830ACE-4AAA-4CF6-AC36-C9EDEBA630AA}"
EndProject
Project("{FAE04EC0-301F-11D3-BF4B-00C04F79EFBC}") = "MyShop.services", "MyShop.services\MyShop.services.csproj", "{E6ADD5C2-634D-4098-81F6-DFA6A3799F1F}"
EndProject
Project("{FAE04EC0-301F-11D3-BF4B-00C04F79EFBC}") = "MyShop.DataAccess.SQL", "MyShop.DataAccess.SQL\MyShop.DataAccess.SQL.csproj", "{5D8DB3AA-7BFE-498C-9207-69614DB46DB1}"
EndProject
Project("{FAE04EC0-301F-11D3-BF4B-00C04F79EFBC}") = "MyShop.DataAccess.InMemory", "MyShop.DataAccess.InMemory\MyShop.DataAccess.InMemory.csproj", "{67DBE648-F770-41D7-8CB8-59997D390E4C}"
EndProject
Project("{FAE04EC0-301F-11D3-BF4B-00C04F79EFBC}") = "MyShop.WebUI", "MyShop.WebUI\MyShop.WebUI.csproj", "{28F89D3D-7701-4428-B33F-4291FF724513}"
EndProject
Global
	GlobalSection(SolutionConfigurationPlatforms) = preSolution
		Debug|Any CPU = Debug|Any CPU
		Release|Any CPU = Release|Any CPU
	EndGlobalSection
	GlobalSection(ProjectConfigurationPlatforms) = postSolution
		{5D830ACE-4AAA-4CF6-AC36-C9EDEBA630AA}.Debug|Any CPU.ActiveCfg = Debug|Any CPU
		{5D830ACE-4AAA-4CF6-AC36-C9EDEBA630AA}.Debug|Any CPU.Build.0 = Debug|Any CPU
		{5D830ACE-4AAA-4CF6-AC36-C9EDEBA630AA}.Release|Any CPU.ActiveCfg = Release|Any CPU
		{5D830ACE-4AAA-4CF6-AC36-C9EDEBA630AA}.Release|Any CPU.Build.0 = Release|Any CPU
		{E6ADD5C2-634D-4098-81F6-DFA6A3799F1F}.Debug|Any CPU.ActiveCfg = Debug|Any CPU
		{E6ADD5C2-634D-4098-81F6-DFA6A3799F1F}.Debug|Any CPU.Build.0 = Debug|Any CPU
		{E6ADD5C2-634D-4098-81F6-DFA6A3799F1F}.Release|Any CPU.ActiveCfg = Release|Any CPU
		{E6ADD5C2-634D-4098-81F6-DFA6A3799F1F}.Release|Any CPU.Build.0 = Release|Any CPU
		{5D8DB3AA-7BFE-498C-9207-69614DB46DB1}.Debug|Any CPU.ActiveCfg = Debug|Any CPU
		{5D8DB3AA-7BFE-498C-9207-69614DB46DB1}.Debug|Any CPU.Build.0 = Debug|Any CPU
		{5D8DB3AA-7BFE-498C-9207-69614DB46DB1}.Release|Any CPU.ActiveCfg = Release|Any CPU
		{5D8DB3AA-7BFE-498C-9207-69614DB46DB1}.Release|Any CPU.Build.0 = Release|Any CPU
		{67DBE648-F770-41D7-8CB8-59997D390E4C}.Debug|Any CPU.ActiveCfg = Debug|Any CPU
		{67DBE648-F770-41D7-8CB8-59997D390E4C}.Debug|Any CPU.Build.0 = Debug|Any CPU
		{67DBE648-F770-41D7-8CB8-59997D390E4C}.Release|Any CPU.ActiveCfg = Release|Any CPU
		{67DBE648-F770-41D7-8CB8-59997D390E4C}.Release|Any CPU.Build.0 = Release|Any CPU
		{28F89D3D-7701-4428-B33F-4291FF724513}.Debug|Any CPU.ActiveCfg = Debug|Any CPU
		{28F89D3D-7701-4428-B33F-4291FF724513}.Debug|Any CPU.Build.0 = Debug|Any CPU
		{28F89D3D-7701-4428-B33F-4291FF724513}.Release|Any CPU.ActiveCfg = Release|Any CPU
		{28F89D3D-7701-4428-B33F-4291FF724513}.Release|Any CPU.Build.0 = Release|Any CPU
	EndGlobalSection
	GlobalSection(SolutionProperties) = preSolution
		HideSolutionNode = FALSE
	EndGlobalSection
	GlobalSection(ExtensibilityGlobals) = postSolution
		SolutionGuid = {E4484107-BF54-4F6C-A76A-A56AAA14C82F}
	EndGlobalSection
EndGlobal
